
Microsoft Visual Studio Solution File, Format Version 12.00
# Visual Studio Version 17
VisualStudioVersion = 17.11.35312.102
MinimumVisualStudioVersion = 10.0.40219.1
Project("{FAE04EC0-301F-11D3-BF4B-00C04F79EFBC}") = "SuperHeroAPI-DotNet8", "SuperHeroAPI-DotNet8\SuperHeroAPI-DotNet8.csproj", "{F4B93D2A-9DC8-43A5-9AB5-43C88372A0DE}"
EndProject
Global
	GlobalSection(SolutionConfigurationPlatforms) = preSolution
		Debug|Any CPU = Debug|Any CPU
		Release|Any CPU = Release|Any CPU
	EndGlobalSection
	GlobalSection(ProjectConfigurationPlatforms) = postSolution
		{F4B93D2A-9DC8-43A5-9AB5-43C88372A0DE}.Debug|Any CPU.ActiveCfg = Debug|Any CPU
		{F4B93D2A-9DC8-43A5-9AB5-43C88372A0DE}.Debug|Any CPU.Build.0 = Debug|Any CPU
		{F4B93D2A-9DC8-43A5-9AB5-43C88372A0DE}.Release|Any CPU.ActiveCfg = Release|Any CPU
		{F4B93D2A-9DC8-43A5-9AB5-43C88372A0DE}.Release|Any CPU.Build.0 = Release|Any CPU
	EndGlobalSection
	GlobalSection(SolutionProperties) = preSolution
		HideSolutionNode = FALSE
	EndGlobalSection
	GlobalSection(ExtensibilityGlobals) = postSolution
		SolutionGuid = {1041729B-24FF-438C-8875-5F0F22BBB9F8}
	EndGlobalSection
EndGlobal
